# This file is automatically @generated by Cargo.
# It is not intended for manual editing.
version = 3

[[package]]
name = "anyhow"
version = "1.0.71"
source = "registry+https://github.com/rust-lang/crates.io-index"
checksum = "9c7d0618f0e0b7e8ff11427422b64564d5fb0be1940354bfe2e0529b18a9d9b8"

[[package]]
name = "async-trait"
version = "0.1.71"
source = "registry+https://github.com/rust-lang/crates.io-index"
checksum = "a564d521dd56509c4c47480d00b80ee55f7e385ae48db5744c67ad50c92d2ebf"
dependencies = [
 "proc-macro2",
 "quote",
 "syn 2.0.25",
]

[[package]]
name = "autocfg"
version = "1.1.0"
source = "registry+https://github.com/rust-lang/crates.io-index"
checksum = "d468802bab17cbc0cc575e9b053f41e72aa36bfa6b7f55e3529ffa43161b97fa"

[[package]]
name = "base-x"
version = "0.2.11"
source = "registry+https://github.com/rust-lang/crates.io-index"
checksum = "4cbbc9d0964165b47557570cce6c952866c2678457aca742aafc9fb771d30270"

[[package]]
name = "bitflags"
version = "1.3.2"
source = "registry+https://github.com/rust-lang/crates.io-index"
checksum = "bef38d45163c2f1dde094a7dfd33ccf595c92905c8f8f4fdc18d06fb1037718a"

[[package]]
name = "bs58"
version = "0.4.0"
source = "registry+https://github.com/rust-lang/crates.io-index"
checksum = "771fe0050b883fcc3ea2359b1a96bcfbc090b7116eae7c3c512c7a083fdf23d3"

[[package]]
name = "bytes"
version = "1.4.0"
source = "registry+https://github.com/rust-lang/crates.io-index"
checksum = "89b2fd2a0dcf38d7971e2194b6b6eebab45ae01067456a7fd93d5547a61b70be"

[[package]]
name = "cfg-if"
version = "1.0.0"
source = "registry+https://github.com/rust-lang/crates.io-index"
checksum = "baf1de4339761588bc0619e3cbc0120ee582ebb74b53b4efbf79117bd2da40fd"

[[package]]
name = "crunchy"
version = "0.2.2"
source = "registry+https://github.com/rust-lang/crates.io-index"
checksum = "7a81dae078cea95a014a339291cec439d2f232ebe854a9d672b796c6afafa9b7"

[[package]]
name = "data-encoding"
version = "2.4.0"
source = "registry+https://github.com/rust-lang/crates.io-index"
checksum = "c2e66c9d817f1720209181c316d28635c050fa304f9c79e47a520882661b7308"

[[package]]
name = "data-encoding-macro"
version = "0.1.13"
source = "registry+https://github.com/rust-lang/crates.io-index"
checksum = "c904b33cc60130e1aeea4956ab803d08a3f4a0ca82d64ed757afac3891f2bb99"
dependencies = [
 "data-encoding",
 "data-encoding-macro-internal",
]

[[package]]
name = "data-encoding-macro-internal"
version = "0.1.11"
source = "registry+https://github.com/rust-lang/crates.io-index"
checksum = "8fdf3fce3ce863539ec1d7fd1b6dcc3c645663376b43ed376bbf887733e4f772"
dependencies = [
 "data-encoding",
 "syn 1.0.109",
]

[[package]]
name = "eightfish"
version = "0.1.0"
source = "git+https://github.com/eightfish-org/eightfish#aee9d6a21dfc755c1a499b2a4756a65dc915790d"
dependencies = [
 "anyhow",
 "form_urlencoded",
 "json-digest",
 "serde",
 "serde_json",
]

[[package]]
name = "eightfish-derive"
version = "0.1.0"
source = "git+https://github.com/eightfish-org/eightfish#aee9d6a21dfc755c1a499b2a4756a65dc915790d"
dependencies = [
 "json-digest",
 "proc-macro2",
 "quote",
 "serde",
 "serde_json",
 "sql-builder",
 "syn 1.0.109",
]

[[package]]
name = "equivalent"
version = "1.0.1"
source = "registry+https://github.com/rust-lang/crates.io-index"
checksum = "5443807d6dff69373d433ab9ef5378ad8df50ca6298caf15de6e52e24aaf54d5"

[[package]]
name = "fnv"
version = "1.0.7"
source = "registry+https://github.com/rust-lang/crates.io-index"
checksum = "3f9eec918d3f24069decb9af1554cad7c880e2da24a9afd88aca000531ab82c1"

[[package]]
name = "form_urlencoded"
version = "1.2.0"
source = "registry+https://github.com/rust-lang/crates.io-index"
checksum = "a62bc1cf6f830c2ec14a513a9fb124d0a213a629668a4186f329db21fe045652"
dependencies = [
 "percent-encoding",
]

[[package]]
name = "getrandom"
version = "0.2.10"
source = "registry+https://github.com/rust-lang/crates.io-index"
checksum = "be4136b2a15dd319360be1c07d9933517ccf0be8f16bf62a3bee4f0d618df427"
dependencies = [
 "cfg-if",
 "libc",
 "wasi",
]

[[package]]
name = "gutp"
version = "0.1.0"
dependencies = [
 "anyhow",
 "bytes",
 "eightfish",
 "eightfish-derive",
 "form_urlencoded",
 "gutp-types",
 "json-digest",
 "serde",
 "serde_json",
 "spin-sdk",
 "spin_worker",
 "sql-builder",
 "wit-bindgen-rust",
]

[[package]]
name = "gutp-types"
version = "0.1.0"
dependencies = [
 "eightfish",
 "eightfish-derive",
 "json-digest",
 "serde",
 "serde_json",
 "spin-sdk",
 "sql-builder",
]

[[package]]
name = "hashbrown"
version = "0.14.0"
source = "registry+https://github.com/rust-lang/crates.io-index"
checksum = "2c6201b9ff9fd90a5a3bac2e56a830d0caa509576f0e503818ee82c181b3437a"

[[package]]
name = "heck"
version = "0.3.3"
source = "registry+https://github.com/rust-lang/crates.io-index"
checksum = "6d621efb26863f0e9924c6ac577e8275e5e6b77455db64ffa6c65c904e9e132c"
dependencies = [
 "unicode-segmentation",
]

[[package]]
name = "hex"
version = "0.4.3"
source = "registry+https://github.com/rust-lang/crates.io-index"
checksum = "7f24254aa9a54b5c858eaee2f5bccdb46aaf0e486a595ed5fd8f86ba55232a70"

[[package]]
name = "http"
version = "0.2.9"
source = "registry+https://github.com/rust-lang/crates.io-index"
checksum = "bd6effc99afb63425aff9b05836f029929e345a6148a14b7ecd5ab67af944482"
dependencies = [
 "bytes",
 "fnv",
 "itoa",
]

[[package]]
name = "id-arena"
version = "2.2.1"
source = "registry+https://github.com/rust-lang/crates.io-index"
checksum = "25a2bc672d1148e28034f176e01fffebb08b35768468cc954630da77a1449005"

[[package]]
name = "indexmap"
version = "2.0.0"
source = "registry+https://github.com/rust-lang/crates.io-index"
checksum = "d5477fe2230a79769d8dc68e0eabf5437907c0457a5614a9e8dddb67f65eb65d"
dependencies = [
 "equivalent",
 "hashbrown",
]

[[package]]
name = "itoa"
version = "1.0.8"
source = "registry+https://github.com/rust-lang/crates.io-index"
checksum = "62b02a5381cc465bd3041d84623d0fa3b66738b52b8e2fc3bab8ad63ab032f4a"

[[package]]
name = "json-digest"
version = "0.0.16"
source = "registry+https://github.com/rust-lang/crates.io-index"
checksum = "7196711951c49c12eb01341a7ff9b85fddae7fa9fbdcdd48e93a451953618aef"
dependencies = [
 "anyhow",
 "multibase",
 "rand",
 "serde",
 "serde_json",
 "tiny-keccak",
 "unicode-normalization",
]

[[package]]
name = "libc"
version = "0.2.147"
source = "registry+https://github.com/rust-lang/crates.io-index"
checksum = "b4668fb0ea861c1df094127ac5f1da3409a82116a4ba74fca2e58ef927159bb3"

[[package]]
name = "memchr"
version = "2.5.0"
source = "registry+https://github.com/rust-lang/crates.io-index"
checksum = "2dffe52ecf27772e601905b7522cb4ef790d2cc203488bbd0e2fe85fcb74566d"

[[package]]
name = "multibase"
version = "0.9.1"
source = "registry+https://github.com/rust-lang/crates.io-index"
checksum = "9b3539ec3c1f04ac9748a260728e855f261b4977f5c3406612c884564f329404"
dependencies = [
 "base-x",
 "data-encoding",
 "data-encoding-macro",
]

[[package]]
name = "percent-encoding"
version = "2.3.0"
source = "registry+https://github.com/rust-lang/crates.io-index"
checksum = "9b2a4787296e9989611394c33f193f676704af1686e70b8f8033ab5ba9a35a94"

[[package]]
name = "ppv-lite86"
version = "0.2.17"
source = "registry+https://github.com/rust-lang/crates.io-index"
checksum = "5b40af805b3121feab8a3c29f04d8ad262fa8e0561883e7653e024ae4479e6de"

[[package]]
name = "proc-macro2"
version = "1.0.64"
source = "registry+https://github.com/rust-lang/crates.io-index"
checksum = "78803b62cbf1f46fde80d7c0e803111524b9877184cfe7c3033659490ac7a7da"
dependencies = [
 "unicode-ident",
]

[[package]]
name = "pulldown-cmark"
version = "0.8.0"
source = "registry+https://github.com/rust-lang/crates.io-index"
checksum = "ffade02495f22453cd593159ea2f59827aae7f53fa8323f756799b670881dcf8"
dependencies = [
 "bitflags",
 "memchr",
 "unicase",
]

[[package]]
name = "quote"
version = "1.0.29"
source = "registry+https://github.com/rust-lang/crates.io-index"
checksum = "573015e8ab27661678357f27dc26460738fd2b6c86e46f386fde94cb5d913105"
dependencies = [
 "proc-macro2",
]

[[package]]
name = "rand"
version = "0.8.5"
source = "registry+https://github.com/rust-lang/crates.io-index"
checksum = "34af8d1a0e25924bc5b7c43c079c942339d8f0a8b57c39049bef581b46327404"
dependencies = [
 "libc",
 "rand_chacha",
 "rand_core",
]

[[package]]
name = "rand_chacha"
version = "0.3.1"
source = "registry+https://github.com/rust-lang/crates.io-index"
checksum = "e6c10a63a0fa32252be49d21e7709d4d4baf8d231c2dbce1eaa8141b9b127d88"
dependencies = [
 "ppv-lite86",
 "rand_core",
]

[[package]]
name = "rand_core"
version = "0.6.4"
source = "registry+https://github.com/rust-lang/crates.io-index"
checksum = "ec0be4795e2f6a28069bec0b5ff3e2ac9bafc99e6a9a7dc3547996c5c816922c"
dependencies = [
 "getrandom",
]

[[package]]
name = "routefinder"
version = "0.5.3"
source = "registry+https://github.com/rust-lang/crates.io-index"
checksum = "94f8f99b10dedd317514253dda1fa7c14e344aac96e1f78149a64879ce282aca"
dependencies = [
 "smartcow",
 "smartstring",
]

[[package]]
name = "ryu"
version = "1.0.14"
source = "registry+https://github.com/rust-lang/crates.io-index"
checksum = "fe232bdf6be8c8de797b22184ee71118d63780ea42ac85b61d1baa6d3b782ae9"

[[package]]
name = "serde"
version = "1.0.171"
source = "registry+https://github.com/rust-lang/crates.io-index"
checksum = "30e27d1e4fd7659406c492fd6cfaf2066ba8773de45ca75e855590f856dc34a9"
dependencies = [
 "serde_derive",
]

[[package]]
name = "serde_derive"
version = "1.0.171"
source = "registry+https://github.com/rust-lang/crates.io-index"
checksum = "389894603bd18c46fa56231694f8d827779c0951a667087194cf9de94ed24682"
dependencies = [
 "proc-macro2",
 "quote",
 "syn 2.0.25",
]

[[package]]
name = "serde_json"
version = "1.0.102"
source = "registry+https://github.com/rust-lang/crates.io-index"
checksum = "b5062a995d481b2308b6064e9af76011f2921c35f97b0468811ed9f6cd91dfed"
dependencies = [
 "indexmap",
 "itoa",
 "ryu",
 "serde",
]

[[package]]
name = "smartcow"
version = "0.2.1"
source = "registry+https://github.com/rust-lang/crates.io-index"
checksum = "656fcb1c1fca8c4655372134ce87d8afdf5ec5949ebabe8d314be0141d8b5da2"
dependencies = [
 "smartstring",
]

[[package]]
name = "smartstring"
version = "1.0.1"
source = "registry+https://github.com/rust-lang/crates.io-index"
checksum = "3fb72c633efbaa2dd666986505016c32c3044395ceaf881518399d2f4127ee29"
dependencies = [
 "autocfg",
 "static_assertions",
 "version_check",
]

[[package]]
name = "spin-macro"
version = "0.1.0"
source = "git+https://github.com/fermyon/spin?tag=v1.1.0#28655d57fa3aecfc36f8ff4e14d8390d1a18b350"
dependencies = [
 "anyhow",
 "bytes",
 "http",
 "proc-macro2",
 "quote",
 "syn 1.0.109",
 "wit-bindgen-rust",
]

[[package]]
name = "spin-sdk"
version = "1.1.0"
source = "git+https://github.com/fermyon/spin?tag=v1.1.0#28655d57fa3aecfc36f8ff4e14d8390d1a18b350"
dependencies = [
 "anyhow",
 "bytes",
 "form_urlencoded",
 "http",
 "routefinder",
 "spin-macro",
 "thiserror",
 "wit-bindgen-rust",
]

[[package]]
name = "spin_worker"
version = "0.1.0"
source = "git+https://github.com/eightfish-org/eightfish#aee9d6a21dfc755c1a499b2a4756a65dc915790d"
dependencies = [
 "anyhow",
 "bs58",
 "bytes",
 "eightfish",
 "form_urlencoded",
 "hex",
 "json-digest",
 "serde",
 "serde_json",
 "spin-sdk",
 "wit-bindgen-rust",
]

[[package]]
name = "sql-builder"
version = "3.1.1"
source = "registry+https://github.com/rust-lang/crates.io-index"
checksum = "b1008d95d2ec2d062959352527be30e10fec42a1aa5e5a48d990a5ff0fb9bdc0"
dependencies = [
 "anyhow",
 "thiserror",
]

[[package]]
name = "static_assertions"
version = "1.1.0"
source = "registry+https://github.com/rust-lang/crates.io-index"
checksum = "a2eb9349b6444b326872e140eb1cf5e7c522154d69e7a0ffb0fb81c06b37543f"

[[package]]
name = "syn"
version = "1.0.109"
source = "registry+https://github.com/rust-lang/crates.io-index"
checksum = "72b64191b275b66ffe2469e8af2c1cfe3bafa67b529ead792a6d0160888b4237"
dependencies = [
 "proc-macro2",
 "quote",
 "unicode-ident",
]

[[package]]
name = "syn"
version = "2.0.25"
source = "registry+https://github.com/rust-lang/crates.io-index"
checksum = "15e3fc8c0c74267e2df136e5e5fb656a464158aa57624053375eb9c8c6e25ae2"
dependencies = [
 "proc-macro2",
 "quote",
 "unicode-ident",
]

[[package]]
name = "thiserror"
version = "1.0.43"
source = "registry+https://github.com/rust-lang/crates.io-index"
checksum = "a35fc5b8971143ca348fa6df4f024d4d55264f3468c71ad1c2f365b0a4d58c42"
dependencies = [
 "thiserror-impl",
]

[[package]]
name = "thiserror-impl"
version = "1.0.43"
source = "registry+https://github.com/rust-lang/crates.io-index"
checksum = "463fe12d7993d3b327787537ce8dd4dfa058de32fc2b195ef3cde03dc4771e8f"
dependencies = [
 "proc-macro2",
 "quote",
 "syn 2.0.25",
]

[[package]]
name = "tiny-keccak"
version = "2.0.2"
source = "registry+https://github.com/rust-lang/crates.io-index"
checksum = "2c9d3793400a45f954c52e73d068316d76b6f4e36977e3fcebb13a2721e80237"
dependencies = [
 "crunchy",
]

[[package]]
name = "tinyvec"
version = "1.6.0"
source = "registry+https://github.com/rust-lang/crates.io-index"
checksum = "87cc5ceb3875bb20c2890005a4e226a4651264a5c75edb2421b52861a0a0cb50"
dependencies = [
 "tinyvec_macros",
]

[[package]]
name = "tinyvec_macros"
version = "0.1.1"
source = "registry+https://github.com/rust-lang/crates.io-index"
checksum = "1f3ccbac311fea05f86f61904b462b55fb3df8837a366dfc601a0161d0532f20"

[[package]]
name = "unicase"
version = "2.6.0"
source = "registry+https://github.com/rust-lang/crates.io-index"
checksum = "50f37be617794602aabbeee0be4f259dc1778fabe05e2d67ee8f79326d5cb4f6"
dependencies = [
 "version_check",
]

[[package]]
name = "unicode-ident"
version = "1.0.10"
source = "registry+https://github.com/rust-lang/crates.io-index"
checksum = "22049a19f4a68748a168c0fc439f9516686aa045927ff767eca0a85101fb6e73"

[[package]]
name = "unicode-normalization"
version = "0.1.22"
source = "registry+https://github.com/rust-lang/crates.io-index"
checksum = "5c5713f0fc4b5db668a2ac63cdb7bb4469d8c9fed047b1d0292cc7b0ce2ba921"
dependencies = [
 "tinyvec",
]

[[package]]
name = "unicode-segmentation"
version = "1.10.1"
source = "registry+https://github.com/rust-lang/crates.io-index"
checksum = "1dd624098567895118886609431a7c3b8f516e41d30e0643f03d94592a147e36"

[[package]]
name = "unicode-xid"
version = "0.2.4"
source = "registry+https://github.com/rust-lang/crates.io-index"
checksum = "f962df74c8c05a667b5ee8bcf162993134c104e96440b663c8daa176dc772d8c"

[[package]]
name = "version_check"
version = "0.9.4"
source = "registry+https://github.com/rust-lang/crates.io-index"
checksum = "49874b5167b65d7193b8aba1567f5c7d93d001cafc34600cee003eda787e483f"

[[package]]
name = "wasi"
version = "0.11.0+wasi-snapshot-preview1"
source = "registry+https://github.com/rust-lang/crates.io-index"
checksum = "9c8d87e72b64a3b4db28d11ce29237c246188f4f51057d65a7eab63b7987e423"

[[package]]
name = "wit-bindgen-gen-core"
version = "0.2.0"
source = "git+https://github.com/bytecodealliance/wit-bindgen?rev=cb871cfa1ee460b51eb1d144b175b9aab9c50aba#cb871cfa1ee460b51eb1d144b175b9aab9c50aba"
dependencies = [
 "anyhow",
 "wit-parser",
]

[[package]]
name = "wit-bindgen-gen-rust"
version = "0.2.0"
source = "git+https://github.com/bytecodealliance/wit-bindgen?rev=cb871cfa1ee460b51eb1d144b175b9aab9c50aba#cb871cfa1ee460b51eb1d144b175b9aab9c50aba"
dependencies = [
 "heck",
 "wit-bindgen-gen-core",
]

[[package]]
name = "wit-bindgen-gen-rust-wasm"
version = "0.2.0"
source = "git+https://github.com/bytecodealliance/wit-bindgen?rev=cb871cfa1ee460b51eb1d144b175b9aab9c50aba#cb871cfa1ee460b51eb1d144b175b9aab9c50aba"
dependencies = [
 "heck",
 "wit-bindgen-gen-core",
 "wit-bindgen-gen-rust",
]

[[package]]
name = "wit-bindgen-rust"
version = "0.2.0"
source = "git+https://github.com/bytecodealliance/wit-bindgen?rev=cb871cfa1ee460b51eb1d144b175b9aab9c50aba#cb871cfa1ee460b51eb1d144b175b9aab9c50aba"
dependencies = [
 "async-trait",
 "bitflags",
 "wit-bindgen-rust-impl",
]

[[package]]
name = "wit-bindgen-rust-impl"
version = "0.2.0"
source = "git+https://github.com/bytecodealliance/wit-bindgen?rev=cb871cfa1ee460b51eb1d144b175b9aab9c50aba#cb871cfa1ee460b51eb1d144b175b9aab9c50aba"
dependencies = [
 "proc-macro2",
 "syn 1.0.109",
 "wit-bindgen-gen-core",
 "wit-bindgen-gen-rust-wasm",
]

[[package]]
name = "wit-parser"
version = "0.2.0"
source = "git+https://github.com/bytecodealliance/wit-bindgen?rev=cb871cfa1ee460b51eb1d144b175b9aab9c50aba#cb871cfa1ee460b51eb1d144b175b9aab9c50aba"
dependencies = [
 "anyhow",
 "id-arena",
 "pulldown-cmark",
 "unicode-normalization",
 "unicode-xid",
]
